
Microsoft Visual Studio Solution File, Format Version 12.00
# Visual Studio Version 17
VisualStudioVersion = 17.4.33103.184
MinimumVisualStudioVersion = 10.0.40219.1
Project("{2150E333-8FDC-42A3-9474-1A3956D46DE8}") = "Library", "Library", "{192E258A-4ED1-43CC-B842-DA01EC2A5923}"
EndProject
Project("{2150E333-8FDC-42A3-9474-1A3956D46DE8}") = "Tests", "Tests", "{198BC96C-988A-4181-A421-15B33C8812C1}"
EndProject
Project("{FAE04EC0-301F-11D3-BF4B-00C04F79EFBC}") = "EDT.MongoProxy.Shared", "EDT.MongoProxy.Shared\EDT.MongoProxy.Shared.csproj", "{CA048D94-57AE-4CC4-86F1-990DA15BD0B6}"
EndProject
Project("{FAE04EC0-301F-11D3-BF4B-00C04F79EFBC}") = "EDT.MongoProxy.Shared.UnitTests", "EDT.MongoProxy.Shared.UnitTests\EDT.MongoProxy.Shared.UnitTests.csproj", "{DD172497-480A-4D76-94EE-4D8AA737481F}"
EndProject
Global
	GlobalSection(SolutionConfigurationPlatforms) = preSolution
		Debug|Any CPU = Debug|Any CPU
		Release|Any CPU = Release|Any CPU
	EndGlobalSection
	GlobalSection(ProjectConfigurationPlatforms) = postSolution
		{CA048D94-57AE-4CC4-86F1-990DA15BD0B6}.Debug|Any CPU.ActiveCfg = Debug|Any CPU
		{CA048D94-57AE-4CC4-86F1-990DA15BD0B6}.Debug|Any CPU.Build.0 = Debug|Any CPU
		{CA048D94-57AE-4CC4-86F1-990DA15BD0B6}.Release|Any CPU.ActiveCfg = Release|Any CPU
		{CA048D94-57AE-4CC4-86F1-990DA15BD0B6}.Release|Any CPU.Build.0 = Release|Any CPU
		{DD172497-480A-4D76-94EE-4D8AA737481F}.Debug|Any CPU.ActiveCfg = Debug|Any CPU
		{DD172497-480A-4D76-94EE-4D8AA737481F}.Debug|Any CPU.Build.0 = Debug|Any CPU
		{DD172497-480A-4D76-94EE-4D8AA737481F}.Release|Any CPU.ActiveCfg = Release|Any CPU
		{DD172497-480A-4D76-94EE-4D8AA737481F}.Release|Any CPU.Build.0 = Release|Any CPU
	EndGlobalSection
	GlobalSection(SolutionProperties) = preSolution
		HideSolutionNode = FALSE
	EndGlobalSection
	GlobalSection(NestedProjects) = preSolution
		{CA048D94-57AE-4CC4-86F1-990DA15BD0B6} = {192E258A-4ED1-43CC-B842-DA01EC2A5923}
		{DD172497-480A-4D76-94EE-4D8AA737481F} = {198BC96C-988A-4181-A421-15B33C8812C1}
	EndGlobalSection
	GlobalSection(ExtensibilityGlobals) = postSolution
		SolutionGuid = {FEA823C4-24DC-46D8-A21F-89FD507180AF}
	EndGlobalSection
EndGlobal
